// !$*UTF8*$!
{
	archiveVersion = 1;
	classes = {
	};
	objectVersion = 46;
	objects = {

/* Begin PBXBuildFile section */
		A0626ED01AA8BC05008F741B /* AppDelegate.swift in Sources */ = {isa = PBXBuildFile; fileRef = A0626ECF1AA8BC05008F741B /* AppDelegate.swift */; };
		A0626ED21AA8BC05008F741B /* ViewController.swift in Sources */ = {isa = PBXBuildFile; fileRef = A0626ED11AA8BC05008F741B /* ViewController.swift */; };
		A0626ED51AA8BC05008F741B /* Main.storyboard in Resources */ = {isa = PBXBuildFile; fileRef = A0626ED31AA8BC05008F741B /* Main.storyboard */; };
		A0626ED71AA8BC05008F741B /* Images.xcassets in Resources */ = {isa = PBXBuildFile; fileRef = A0626ED61AA8BC05008F741B /* Images.xcassets */; };
		A0626EDA1AA8BC05008F741B /* LaunchScreen.xib in Resources */ = {isa = PBXBuildFile; fileRef = A0626ED81AA8BC05008F741B /* LaunchScreen.xib */; };
		A0626EE61AA8BC05008F741B /* CalcTests.swift in Sources */ = {isa = PBXBuildFile; fileRef = A0626EE51AA8BC05008F741B /* CalcTests.swift */; };
		A0626EF01AA8CB50008F741B /* CalcBrain.swift in Sources */ = {isa = PBXBuildFile; fileRef = A0626EEF1AA8CB50008F741B /* CalcBrain.swift */; };
/* End PBXBuildFile section */

/* Begin PBXContainerItemProxy section */
		A0626EE01AA8BC05008F741B /* PBXContainerItemProxy */ = {
			isa = PBXContainerItemProxy;
			containerPortal = A0626EC21AA8BC04008F741B /* Project object */;
			proxyType = 1;
			remoteGlobalIDString = A0626EC91AA8BC04008F741B;
			remoteInfo = Calc;
		};
/* End PBXContainerItemProxy section */

/* Begin PBXFileReference section */
		A0626ECA1AA8BC04008F741B /* Calc.app */ = {isa = PBXFileReference; explicitFileType = wrapper.application; includeInIndex = 0; path = Calc.app; sourceTree = BUILT_PRODUCTS_DIR; };
		A0626ECE1AA8BC05008F741B /* Info.plist */ = {isa = PBXFileReference; lastKnownFileType = text.plist.xml; path = Info.plist; sourceTree = "<group>"; };
		A0626ECF1AA8BC05008F741B /* AppDelegate.swift */ = {isa = PBXFileReference; lastKnownFileType = sourcecode.swift; path = AppDelegate.swift; sourceTree = "<group>"; };
		A0626ED11AA8BC05008F741B /* ViewController.swift */ = {isa = PBXFileReference; lastKnownFileType = sourcecode.swift; path = ViewController.swift; sourceTree = "<group>"; };
		A0626ED41AA8BC05008F741B /* Base */ = {isa = PBXFileReference; lastKnownFileType = file.storyboard; name = Base; path = Base.lproj/Main.storyboard; sourceTree = "<group>"; };
		A0626ED61AA8BC05008F741B /* Images.xcassets */ = {isa = PBXFileReference; lastKnownFileType = folder.assetcatalog; path = Images.xcassets; sourceTree = "<group>"; };
		A0626ED91AA8BC05008F741B /* Base */ = {isa = PBXFileReference; lastKnownFileType = file.xib; name = Base; path = Base.lproj/LaunchScreen.xib; sourceTree = "<group>"; };
		A0626EDF1AA8BC05008F741B /* CalcTests.xctest */ = {isa = PBXFileReference; explicitFileType = wrapper.cfbundle; includeInIndex = 0; path = CalcTests.xctest; sourceTree = BUILT_PRODUCTS_DIR; };
		A0626EE41AA8BC05008F741B /* Info.plist */ = {isa = PBXFileReference; lastKnownFileType = text.plist.xml; path = Info.plist; sourceTree = "<group>"; };
		A0626EE51AA8BC05008F741B /* CalcTests.swift */ = {isa = PBXFileReference; lastKnownFileType = sourcecode.swift; path = CalcTests.swift; sourceTree = "<group>"; };
		A0626EEF1AA8CB50008F741B /* CalcBrain.swift */ = {isa = PBXFileReference; fileEncoding = 4; lastKnownFileType = sourcecode.swift; path = CalcBrain.swift; sourceTree = "<group>"; };
/* End PBXFileReference section */

/* Begin PBXFrameworksBuildPhase section */
		A0626EC71AA8BC04008F741B /* Frameworks */ = {
			isa = PBXFrameworksBuildPhase;
			buildActionMask = 2147483647;
			files = (
			);
			runOnlyForDeploymentPostprocessing = 0;
		};
		A0626EDC1AA8BC05008F741B /* Frameworks */ = {
			isa = PBXFrameworksBuildPhase;
			buildActionMask = 2147483647;
			files = (
			);
			runOnlyForDeploymentPostprocessing = 0;
		};
/* End PBXFrameworksBuildPhase section */

/* Begin PBXGroup section */
		A0626EC11AA8BC04008F741B = {
			isa = PBXGroup;
			children = (
				A0626ECC1AA8BC05008F741B /* Calc */,
				A0626EE21AA8BC05008F741B /* CalcTests */,
				A0626ECB1AA8BC05008F741B /* Products */,
			);
			sourceTree = "<group>";
		};
		A0626ECB1AA8BC05008F741B /* Products */ = {
			isa = PBXGroup;
			children = (
				A0626ECA1AA8BC04008F741B /* Calc.app */,
				A0626EDF1AA8BC05008F741B /* CalcTests.xctest */,
			);
			name = Products;
			sourceTree = "<group>";
		};
		A0626ECC1AA8BC05008F741B /* Calc */ = {
			isa = PBXGroup;
			children = (
				A0626ED11AA8BC05008F741B /* ViewController.swift */,
				A0626ED31AA8BC05008F741B /* Main.storyboard */,
				A0626EEF1AA8CB50008F741B /* CalcBrain.swift */,
				A0626ED81AA8BC05008F741B /* LaunchScreen.xib */,
				A0626ECD1AA8BC05008F741B /* Supporting Files */,
			);
			path = Calc;
			sourceTree = "<group>";
		};
		A0626ECD1AA8BC05008F741B /* Supporting Files */ = {
			isa = PBXGroup;
			children = (
				A0626ECF1AA8BC05008F741B /* AppDelegate.swift */,
				A0626ED61AA8BC05008F741B /* Images.xcassets */,
				A0626ECE1AA8BC05008F741B /* Info.plist */,
			);
			name = "Supporting Files";
			sourceTree = "<group>";
		};
		A0626EE21AA8BC05008F741B /* CalcTests */ = {
			isa = PBXGroup;
			children = (
				A0626EE51AA8BC05008F741B /* CalcTests.swift */,
				A0626EE31AA8BC05008F741B /* Supporting Files */,
			);
			path = CalcTests;
			sourceTree = "<group>";
		};
		A0626EE31AA8BC05008F741B /* Supporting Files */ = {
			isa = PBXGroup;
			children = (
				A0626EE41AA8BC05008F741B /* Info.plist */,
			);
			name = "Supporting Files";
			sourceTree = "<group>";
		};
/* End PBXGroup section */

/* Begin PBXNativeTarget section */
		A0626EC91AA8BC04008F741B /* Calc */ = {
			isa = PBXNativeTarget;
			buildConfigurationList = A0626EE91AA8BC05008F741B /* Build configuration list for PBXNativeTarget "Calc" */;
			buildPhases = (
				A0626EC61AA8BC04008F741B /* Sources */,
				A0626EC71AA8BC04008F741B /* Frameworks */,
				A0626EC81AA8BC04008F741B /* Resources */,
			);
			buildRules = (
			);
			dependencies = (
			);
			name = Calc;
			productName = Calc;
			productReference = A0626ECA1AA8BC04008F741B /* Calc.app */;
			productType = "com.apple.product-type.application";
		};
		A0626EDE1AA8BC05008F741B /* CalcTests */ = {
			isa = PBXNativeTarget;
			buildConfigurationList = A0626EEC1AA8BC05008F741B /* Build configuration list for PBXNativeTarget "CalcTests" */;
			buildPhases = (
				A0626EDB1AA8BC05008F741B /* Sources */,
				A0626EDC1AA8BC05008F741B /* Frameworks */,
				A0626EDD1AA8BC05008F741B /* Resources */,
			);
			buildRules = (
			);
			dependencies = (
				A0626EE11AA8BC05008F741B /* PBXTargetDependency */,
			);
			name = CalcTests;
			productName = CalcTests;
			productReference = A0626EDF1AA8BC05008F741B /* CalcTests.xctest */;
			productType = "com.apple.product-type.bundle.unit-test";
		};
/* End PBXNativeTarget section */

/* Begin PBXProject section */
		A0626EC21AA8BC04008F741B /* Project object */ = {
			isa = PBXProject;
			attributes = {
				LastUpgradeCheck = 0610;
				ORGANIZATIONNAME = eduardo;
				TargetAttributes = {
					A0626EC91AA8BC04008F741B = {
						CreatedOnToolsVersion = 6.1.1;
					};
					A0626EDE1AA8BC05008F741B = {
						CreatedOnToolsVersion = 6.1.1;
						TestTargetID = A0626EC91AA8BC04008F741B;
					};
				};
			};
			buildConfigurationList = A0626EC51AA8BC04008F741B /* Build configuration list for PBXProject "Calc" */;
			compatibilityVersion = "Xcode 3.2";
			developmentRegion = English;
			hasScannedForEncodings = 0;
			knownRegions = (
				en,
				Base,
			);
			mainGroup = A0626EC11AA8BC04008F741B;
			productRefGroup = A0626ECB1AA8BC05008F741B /* Products */;
			projectDirPath = "";
			projectRoot = "";
			targets = (
				A0626EC91AA8BC04008F741B /* Calc */,
				A0626EDE1AA8BC05008F741B /* CalcTests */,
			);
		};
/* End PBXProject section */

/* Begin PBXResourcesBuildPhase section */
		A0626EC81AA8BC04008F741B /* Resources */ = {
			isa = PBXResourcesBuildPhase;
			buildActionMask = 2147483647;
			files = (
				A0626ED51AA8BC05008F741B /* Main.storyboard in Resources */,
				A0626EDA1AA8BC05008F741B /* LaunchScreen.xib in Resources */,
				A0626ED71AA8BC05008F741B /* Images.xcassets in Resources */,
			);
			runOnlyForDeploymentPostprocessing = 0;
		};
		A0626EDD1AA8BC05008F741B /* Resources */ = {
			isa = PBXResourcesBuildPhase;
			buildActionMask = 2147483647;
			files = (
			);
			runOnlyForDeploymentPostprocessing = 0;
		};
/* End PBXResourcesBuildPhase section */

/* Begin PBXSourcesBuildPhase section */
		A0626EC61AA8BC04008F741B /* Sources */ = {
			isa = PBXSourcesBuildPhase;
			buildActionMask = 2147483647;
			files = (
				A0626ED21AA8BC05008F741B /* ViewController.swift in Sources */,
				A0626ED01AA8BC05008F741B /* AppDelegate.swift in Sources */,
				A0626EF01AA8CB50008F741B /* CalcBrain.swift in Sources */,
			);
			runOnlyForDeploymentPostprocessing = 0;
		};
		A0626EDB1AA8BC05008F741B /* Sources */ = {
			isa = PBXSourcesBuildPhase;
			buildActionMask = 2147483647;
			files = (
				A0626EE61AA8BC05008F741B /* CalcTests.swift in Sources */,
			);
			runOnlyForDeploymentPostprocessing = 0;
		};
/* End PBXSourcesBuildPhase section */

/* Begin PBXTargetDependency section */
		A0626EE11AA8BC05008F741B /* PBXTargetDependency */ = {
			isa = PBXTargetDependency;
			target = A0626EC91AA8BC04008F741B /* Calc */;
			targetProxy = A0626EE01AA8BC05008F741B /* PBXContainerItemProxy */;
		};
/* End PBXTargetDependency section */

/* Begin PBXVariantGroup section */
		A0626ED31AA8BC05008F741B /* Main.storyboard */ = {
			isa = PBXVariantGroup;
			children = (
				A0626ED41AA8BC05008F741B /* Base */,
			);
			name = Main.storyboard;
			sourceTree = "<group>";
		};
		A0626ED81AA8BC05008F741B /* LaunchScreen.xib */ = {
			isa = PBXVariantGroup;
			children = (
				A0626ED91AA8BC05008F741B /* Base */,
			);
			name = LaunchScreen.xib;
			sourceTree = "<group>";
		};
/* End PBXVariantGroup section */

/* Begin XCBuildConfiguration section */
		A0626EE71AA8BC05008F741B /* Debug */ = {
			isa = XCBuildConfiguration;
			buildSettings = {
				ALWAYS_SEARCH_USER_PATHS = NO;
				CLANG_CXX_LANGUAGE_STANDARD = "gnu++0x";
				CLANG_CXX_LIBRARY = "libc++";
				CLANG_ENABLE_MODULES = YES;
				CLANG_ENABLE_OBJC_ARC = YES;
				CLANG_WARN_BOOL_CONVERSION = YES;
				CLANG_WARN_CONSTANT_CONVERSION = YES;
				CLANG_WARN_DIRECT_OBJC_ISA_USAGE = YES_ERROR;
				CLANG_WARN_EMPTY_BODY = YES;
				CLANG_WARN_ENUM_CONVERSION = YES;
				CLANG_WARN_INT_CONVERSION = YES;
				CLANG_WARN_OBJC_ROOT_CLASS = YES_ERROR;
				CLANG_WARN_UNREACHABLE_CODE = YES;
				CLANG_WARN__DUPLICATE_METHOD_MATCH = YES;
				"CODE_SIGN_IDENTITY[sdk=iphoneos*]" = "iPhone Developer";
				COPY_PHASE_STRIP = NO;
				ENABLE_STRICT_OBJC_MSGSEND = YES;
				GCC_C_LANGUAGE_STANDARD = gnu99;
				GCC_DYNAMIC_NO_PIC = NO;
				GCC_OPTIMIZATION_LEVEL = 0;
				GCC_PREPROCESSOR_DEFINITIONS = (
					"DEBUG=1",
					"$(inherited)",
				);
				GCC_SYMBOLS_PRIVATE_EXTERN = NO;
				GCC_WARN_64_TO_32_BIT_CONVERSION = YES;
				GCC_WARN_ABOUT_RETURN_TYPE = YES_ERROR;
				GCC_WARN_UNDECLARED_SELECTOR = YES;
				GCC_WARN_UNINITIALIZED_AUTOS = YES_AGGRESSIVE;
				GCC_WARN_UNUSED_FUNCTION = YES;
				GCC_WARN_UNUSED_VARIABLE = YES;
				IPHONEOS_DEPLOYMENT_TARGET = 8.1;
				MTL_ENABLE_DEBUG_INFO = YES;
				ONLY_ACTIVE_ARCH = YES;
				SDKROOT = iphoneos;
				SWIFT_OPTIMIZATION_LEVEL = "-Onone";
				TARGETED_DEVICE_FAMILY = "1,2";
			};
			name = Debug;
		};
		A0626EE81AA8BC05008F741B /* Release */ = {
			isa = XCBuildConfiguration;
			buildSettings = {
				ALWAYS_SEARCH_USER_PATHS = NO;
				CLANG_CXX_LANGUAGE_STANDARD = "gnu++0x";
				CLANG_CXX_LIBRARY = "libc++";
				CLANG_ENABLE_MODULES = YES;
				CLANG_ENABLE_OBJC_ARC = YES;
				CLANG_WARN_BOOL_CONVERSION = YES;
				CLANG_WARN_CONSTANT_CONVERSION = YES;
				CLANG_WARN_DIRECT_OBJC_ISA_USAGE = YES_ERROR;
				CLANG_WARN_EMPTY_BODY = YES;
				CLANG_WARN_ENUM_CONVERSION = YES;
				CLANG_WARN_INT_CONVERSION = YES;
				CLANG_WARN_OBJC_ROOT_CLASS = YES_ERROR;
				CLANG_WARN_UNREACHABLE_CODE = YES;
				CLANG_WARN__DUPLICATE_METHOD_MATCH = YES;
				"CODE_SIGN_IDENTITY[sdk=iphoneos*]" = "iPhone Developer";
				COPY_PHASE_STRIP = YES;
				ENABLE_NS_ASSERTIONS = NO;
				ENABLE_STRICT_OBJC_MSGSEND = YES;
				GCC_C_LANGUAGE_STANDARD = gnu99;
				GCC_WARN_64_TO_32_BIT_CONVERSION = YES;
				GCC_WARN_ABOUT_RETURN_TYPE = YES_ERROR;
				GCC_WARN_UNDECLARED_SELECTOR = YES;
				GCC_WARN_UNINITIALIZED_AUTOS = YES_AGGRESSIVE;
				GCC_WARN_UNUSED_FUNCTION = YES;
				GCC_WARN_UNUSED_VARIABLE = YES;
				IPHONEOS_DEPLOYMENT_TARGET = 8.1;
				MTL_ENABLE_DEBUG_INFO = NO;
				SDKROOT = iphoneos;
				TARGETED_DEVICE_FAMILY = "1,2";
				VALIDATE_PRODUCT = YES;
			};
			name = Release;
		};
		A0626EEA1AA8BC05008F741B /* Debug */ = {
			isa = XCBuildConfiguration;
			buildSettings = {
				ASSETCATALOG_COMPILER_APPICON_NAME = AppIcon;
				INFOPLIST_FILE = Calc/Info.plist;
				LD_RUNPATH_SEARCH_PATHS = "$(inherited) @executable_path/Frameworks";
				PRODUCT_NAME = "$(TARGET_NAME)";
			};
			name = Debug;
		};
		A0626EEB1AA8BC05008F741B /* Release */ = {
			isa = XCBuildConfiguration;
			buildSettings = {
				ASSETCATALOG_COMPILER_APPICON_NAME = AppIcon;
				INFOPLIST_FILE = Calc/Info.plist;
				LD_RUNPATH_SEARCH_PATHS = "$(inherited) @executable_path/Frameworks";
				PRODUCT_NAME = "$(TARGET_NAME)";
			};
			name = Release;
		};
		A0626EED1AA8BC05008F741B /* Debug */ = {
			isa = XCBuildConfiguration;
			buildSettings = {
				BUNDLE_LOADER = "$(TEST_HOST)";
				FRAMEWORK_SEARCH_PATHS = (
					"$(SDKROOT)/Developer/Library/Frameworks",
					"$(inherited)",
				);
				GCC_PREPROCESSOR_DEFINITIONS = (
					"DEBUG=1",
					"$(inherited)",
				);
				INFOPLIST_FILE = CalcTests/Info.plist;
				LD_RUNPATH_SEARCH_PATHS = "$(inherited) @executable_path/Frameworks @loader_path/Frameworks";
				PRODUCT_NAME = "$(TARGET_NAME)";
				TEST_HOST = "$(BUILT_PRODUCTS_DIR)/Calc.app/Calc";
			};
			name = Debug;
		};
		A0626EEE1AA8BC05008F741B /* Release */ = {
			isa = XCBuildConfiguration;
			buildSettings = {
				BUNDLE_LOADER = "$(TEST_HOST)";
				FRAMEWORK_SEARCH_PATHS = (
					"$(SDKROOT)/Developer/Library/Frameworks",
					"$(inherited)",
				);
				INFOPLIST_FILE = CalcTests/Info.plist;
				LD_RUNPATH_SEARCH_PATHS = "$(inherited) @executable_path/Frameworks @loader_path/Frameworks";
				PRODUCT_NAME = "$(TARGET_NAME)";
				TEST_HOST = "$(BUILT_PRODUCTS_DIR)/Calc.app/Calc";
			};
			name = Release;
		};
/* End XCBuildConfiguration section */

/* Begin XCConfigurationList section */
		A0626EC51AA8BC04008F741B /* Build configuration list for PBXProject "Calc" */ = {
			isa = XCConfigurationList;
			buildConfigurations = (
				A0626EE71AA8BC05008F741B /* Debug */,
				A0626EE81AA8BC05008F741B /* Release */,
			);
			defaultConfigurationIsVisible = 0;
			defaultConfigurationName = Release;
		};
		A0626EE91AA8BC05008F741B /* Build configuration list for PBXNativeTarget "Calc" */ = {
			isa = XCConfigurationList;
			buildConfigurations = (
				A0626EEA1AA8BC05008F741B /* Debug */,
				A0626EEB1AA8BC05008F741B /* Release */,
			);
			defaultConfigurationIsVisible = 0;
		};
		A0626EEC1AA8BC05008F741B /* Build configuration list for PBXNativeTarget "CalcTests" */ = {
			isa = XCConfigurationList;
			buildConfigurations = (
				A0626EED1AA8BC05008F741B /* Debug */,
				A0626EEE1AA8BC05008F741B /* Release */,
			);
			defaultConfigurationIsVisible = 0;
		};
/* End XCConfigurationList section */
	};
	rootObject = A0626EC21AA8BC04008F741B /* Project object */;
}
